
Microsoft Visual Studio Solution File, Format Version 12.00
# Visual Studio Version 16
VisualStudioVersion = 16.0.30114.128
MinimumVisualStudioVersion = 10.0.40219.1
Project("{FAE04EC0-301F-11D3-BF4B-00C04F79EFBC}") = "zsNBT", "zsNBT\zsNBT.csproj", "{B037CE48-E360-4D54-963B-F2EC36A0C0B2}"
EndProject
Project("{FAE04EC0-301F-11D3-BF4B-00C04F79EFBC}") = "NBTTester", "NBTTester\NBTTester.csproj", "{DDAABE53-6A50-48C8-9EBB-826CAE399C96}"
EndProject
Global
	GlobalSection(SolutionConfigurationPlatforms) = preSolution
		Debug|Any CPU = Debug|Any CPU
		Release|Any CPU = Release|Any CPU
	EndGlobalSection
	GlobalSection(ProjectConfigurationPlatforms) = postSolution
		{B037CE48-E360-4D54-963B-F2EC36A0C0B2}.Debug|Any CPU.ActiveCfg = Debug|Any CPU
		{B037CE48-E360-4D54-963B-F2EC36A0C0B2}.Debug|Any CPU.Build.0 = Debug|Any CPU
		{B037CE48-E360-4D54-963B-F2EC36A0C0B2}.Release|Any CPU.ActiveCfg = Release|Any CPU
		{B037CE48-E360-4D54-963B-F2EC36A0C0B2}.Release|Any CPU.Build.0 = Release|Any CPU
		{DDAABE53-6A50-48C8-9EBB-826CAE399C96}.Debug|Any CPU.ActiveCfg = Debug|Any CPU
		{DDAABE53-6A50-48C8-9EBB-826CAE399C96}.Debug|Any CPU.Build.0 = Debug|Any CPU
		{DDAABE53-6A50-48C8-9EBB-826CAE399C96}.Release|Any CPU.ActiveCfg = Release|Any CPU
		{DDAABE53-6A50-48C8-9EBB-826CAE399C96}.Release|Any CPU.Build.0 = Release|Any CPU
	EndGlobalSection
	GlobalSection(SolutionProperties) = preSolution
		HideSolutionNode = FALSE
	EndGlobalSection
	GlobalSection(ExtensibilityGlobals) = postSolution
		SolutionGuid = {EE612245-99B5-45D0-8FCE-8591674475A3}
	EndGlobalSection
EndGlobal
